// !$*UTF8*$!
{
	archiveVersion = 1;
	classes = {
	};
	objectVersion = 56;
	objects = {

/* Begin PBXBuildFile section */
		329F17342DD32DF400E2AA63 /* AppDelegate.swift in Sources */ = {isa = PBXBuildFile; fileRef = 329F17332DD32DF400E2AA63 /* AppDelegate.swift */; };
		329F17362DD32DF400E2AA63 /* SceneDelegate.swift in Sources */ = {isa = PBXBuildFile; fileRef = 329F17352DD32DF400E2AA63 /* SceneDelegate.swift */; };
		329F17382DD32DF400E2AA63 /* ViewController.swift in Sources */ = {isa = PBXBuildFile; fileRef = 329F17372DD32DF400E2AA63 /* ViewController.swift */; };
		329F173B2DD32DF400E2AA63 /* Main.storyboard in Resources */ = {isa = PBXBuildFile; fileRef = 329F17392DD32DF400E2AA63 /* Main.storyboard */; };
		329F173E2DD32DF400E2AA63 /* newyahyaP.xcdatamodeld in Sources */ = {isa = PBXBuildFile; fileRef = 329F173C2DD32DF400E2AA63 /* newyahyaP.xcdatamodeld */; };
		329F17402DD32DF600E2AA63 /* Assets.xcassets in Resources */ = {isa = PBXBuildFile; fileRef = 329F173F2DD32DF600E2AA63 /* Assets.xcassets */; };
		329F17432DD32DF600E2AA63 /* LaunchScreen.storyboard in Resources */ = {isa = PBXBuildFile; fileRef = 329F17412DD32DF600E2AA63 /* LaunchScreen.storyboard */; };
		329F174B2DD32E4700E2AA63 /* FoodItem.swift in Sources */ = {isa = PBXBuildFile; fileRef = 329F174A2DD32E4700E2AA63 /* FoodItem.swift */; };
		329F174D2DD336AB00E2AA63 /* MealType.swift in Sources */ = {isa = PBXBuildFile; fileRef = 329F174C2DD336AB00E2AA63 /* MealType.swift */; };
/* End PBXBuildFile section */

/* Begin PBXFileReference section */
		329F17302DD32DF400E2AA63 /* newyahyaP.app */ = {isa = PBXFileReference; explicitFileType = wrapper.application; includeInIndex = 0; path = newyahyaP.app; sourceTree = BUILT_PRODUCTS_DIR; };
		329F17332DD32DF400E2AA63 /* AppDelegate.swift */ = {isa = PBXFileReference; lastKnownFileType = sourcecode.swift; path = AppDelegate.swift; sourceTree = "<group>"; };
		329F17352DD32DF400E2AA63 /* SceneDelegate.swift */ = {isa = PBXFileReference; lastKnownFileType = sourcecode.swift; path = SceneDelegate.swift; sourceTree = "<group>"; };
		329F17372DD32DF400E2AA63 /* ViewController.swift */ = {isa = PBXFileReference; lastKnownFileType = sourcecode.swift; path = ViewController.swift; sourceTree = "<group>"; };
		329F173A2DD32DF400E2AA63 /* Base */ = {isa = PBXFileReference; lastKnownFileType = file.storyboard; name = Base; path = Base.lproj/Main.storyboard; sourceTree = "<group>"; };
		329F173D2DD32DF400E2AA63 /* newyahyaP.xcdatamodel */ = {isa = PBXFileReference; lastKnownFileType = wrapper.xcdatamodel; path = newyahyaP.xcdatamodel; sourceTree = "<group>"; };
		329F173F2DD32DF600E2AA63 /* Assets.xcassets */ = {isa = PBXFileReference; lastKnownFileType = folder.assetcatalog; path = Assets.xcassets; sourceTree = "<group>"; };
		329F17422DD32DF600E2AA63 /* Base */ = {isa = PBXFileReference; lastKnownFileType = file.storyboard; name = Base; path = Base.lproj/LaunchScreen.storyboard; sourceTree = "<group>"; };
		329F17442DD32DF600E2AA63 /* Info.plist */ = {isa = PBXFileReference; lastKnownFileType = text.plist.xml; path = Info.plist; sourceTree = "<group>"; };
		329F174A2DD32E4700E2AA63 /* FoodItem.swift */ = {isa = PBXFileReference; lastKnownFileType = sourcecode.swift; path = FoodItem.swift; sourceTree = "<group>"; };
		329F174C2DD336AB00E2AA63 /* MealType.swift */ = {isa = PBXFileReference; lastKnownFileType = sourcecode.swift; path = MealType.swift; sourceTree = "<group>"; };
/* End PBXFileReference section */

/* Begin PBXFrameworksBuildPhase section */
		329F172D2DD32DF400E2AA63 /* Frameworks */ = {
			isa = PBXFrameworksBuildPhase;
			buildActionMask = 2147483647;
			files = (
			);
			runOnlyForDeploymentPostprocessing = 0;
		};
/* End PBXFrameworksBuildPhase section */

/* Begin PBXGroup section */
		329F17272DD32DF400E2AA63 = {
			isa = PBXGroup;
			children = (
				329F17322DD32DF400E2AA63 /* newyahyaP */,
				329F17312DD32DF400E2AA63 /* Products */,
			);
			sourceTree = "<group>";
		};
		329F17312DD32DF400E2AA63 /* Products */ = {
			isa = PBXGroup;
			children = (
				329F17302DD32DF400E2AA63 /* newyahyaP.app */,
			);
			name = Products;
			sourceTree = "<group>";
		};
		329F17322DD32DF400E2AA63 /* newyahyaP */ = {
			isa = PBXGroup;
			children = (
				329F17332DD32DF400E2AA63 /* AppDelegate.swift */,
				329F17352DD32DF400E2AA63 /* SceneDelegate.swift */,
				329F17372DD32DF400E2AA63 /* ViewController.swift */,
				329F17392DD32DF400E2AA63 /* Main.storyboard */,
				329F173F2DD32DF600E2AA63 /* Assets.xcassets */,
				329F17412DD32DF600E2AA63 /* LaunchScreen.storyboard */,
				329F17442DD32DF600E2AA63 /* Info.plist */,
				329F173C2DD32DF400E2AA63 /* newyahyaP.xcdatamodeld */,
				329F174A2DD32E4700E2AA63 /* FoodItem.swift */,
				329F174C2DD336AB00E2AA63 /* MealType.swift */,
			);
			path = newyahyaP;
			sourceTree = "<group>";
		};
/* End PBXGroup section */

/* Begin PBXNativeTarget section */
		329F172F2DD32DF400E2AA63 /* newyahyaP */ = {
			isa = PBXNativeTarget;
			buildConfigurationList = 329F17472DD32DF600E2AA63 /* Build configuration list for PBXNativeTarget "newyahyaP" */;
			buildPhases = (
				329F172C2DD32DF400E2AA63 /* Sources */,
				329F172D2DD32DF400E2AA63 /* Frameworks */,
				329F172E2DD32DF400E2AA63 /* Resources */,
			);
			buildRules = (
			);
			dependencies = (
			);
			name = newyahyaP;
			productName = newyahyaP;
			productReference = 329F17302DD32DF400E2AA63 /* newyahyaP.app */;
			productType = "com.apple.product-type.application";
		};
/* End PBXNativeTarget section */

/* Begin PBXProject section */
		329F17282DD32DF400E2AA63 /* Project object */ = {
			isa = PBXProject;
			attributes = {
				BuildIndependentTargetsInParallel = 1;
				LastSwiftUpdateCheck = 1420;
				LastUpgradeCheck = 1420;
				TargetAttributes = {
					329F172F2DD32DF400E2AA63 = {
						CreatedOnToolsVersion = 14.2;
					};
				};
			};
			buildConfigurationList = 329F172B2DD32DF400E2AA63 /* Build configuration list for PBXProject "newyahyaP" */;
			compatibilityVersion = "Xcode 14.0";
			developmentRegion = en;
			hasScannedForEncodings = 0;
			knownRegions = (
				en,
				Base,
			);
			mainGroup = 329F17272DD32DF400E2AA63;
			productRefGroup = 329F17312DD32DF400E2AA63 /* Products */;
			projectDirPath = "";
			projectRoot = "";
			targets = (
				329F172F2DD32DF400E2AA63 /* newyahyaP */,
			);
		};
/* End PBXProject section */

/* Begin PBXResourcesBuildPhase section */
		329F172E2DD32DF400E2AA63 /* Resources */ = {
			isa = PBXResourcesBuildPhase;
			buildActionMask = 2147483647;
			files = (
				329F17432DD32DF600E2AA63 /* LaunchScreen.storyboard in Resources */,
				329F17402DD32DF600E2AA63 /* Assets.xcassets in Resources */,
				329F173B2DD32DF400E2AA63 /* Main.storyboard in Resources */,
			);
			runOnlyForDeploymentPostprocessing = 0;
		};
/* End PBXResourcesBuildPhase section */

/* Begin PBXSourcesBuildPhase section */
		329F172C2DD32DF400E2AA63 /* Sources */ = {
			isa = PBXSourcesBuildPhase;
			buildActionMask = 2147483647;
			files = (
				329F173E2DD32DF400E2AA63 /* newyahyaP.xcdatamodeld in Sources */,
				329F17382DD32DF400E2AA63 /* ViewController.swift in Sources */,
				329F17342DD32DF400E2AA63 /* AppDelegate.swift in Sources */,
				329F17362DD32DF400E2AA63 /* SceneDelegate.swift in Sources */,
				329F174D2DD336AB00E2AA63 /* MealType.swift in Sources */,
				329F174B2DD32E4700E2AA63 /* FoodItem.swift in Sources */,
			);
			runOnlyForDeploymentPostprocessing = 0;
		};
/* End PBXSourcesBuildPhase section */

/* Begin PBXVariantGroup section */
		329F17392DD32DF400E2AA63 /* Main.storyboard */ = {
			isa = PBXVariantGroup;
			children = (
				329F173A2DD32DF400E2AA63 /* Base */,
			);
			name = Main.storyboard;
			sourceTree = "<group>";
		};
		329F17412DD32DF600E2AA63 /* LaunchScreen.storyboard */ = {
			isa = PBXVariantGroup;
			children = (
				329F17422DD32DF600E2AA63 /* Base */,
			);
			name = LaunchScreen.storyboard;
			sourceTree = "<group>";
		};
/* End PBXVariantGroup section */

/* Begin XCBuildConfiguration section */
		329F17452DD32DF600E2AA63 /* Debug */ = {
			isa = XCBuildConfiguration;
			buildSettings = {
				ALWAYS_SEARCH_USER_PATHS = NO;
				CLANG_ANALYZER_NONNULL = YES;
				CLANG_ANALYZER_NUMBER_OBJECT_CONVERSION = YES_AGGRESSIVE;
				CLANG_CXX_LANGUAGE_STANDARD = "gnu++20";
				CLANG_ENABLE_MODULES = YES;
				CLANG_ENABLE_OBJC_ARC = YES;
				CLANG_ENABLE_OBJC_WEAK = YES;
				CLANG_WARN_BLOCK_CAPTURE_AUTORELEASING = YES;
				CLANG_WARN_BOOL_CONVERSION = YES;
				CLANG_WARN_COMMA = YES;
				CLANG_WARN_CONSTANT_CONVERSION = YES;
				CLANG_WARN_DEPRECATED_OBJC_IMPLEMENTATIONS = YES;
				CLANG_WARN_DIRECT_OBJC_ISA_USAGE = YES_ERROR;
				CLANG_WARN_DOCUMENTATION_COMMENTS = YES;
				CLANG_WARN_EMPTY_BODY = YES;
				CLANG_WARN_ENUM_CONVERSION = YES;
				CLANG_WARN_INFINITE_RECURSION = YES;
				CLANG_WARN_INT_CONVERSION = YES;
				CLANG_WARN_NON_LITERAL_NULL_CONVERSION = YES;
				CLANG_WARN_OBJC_IMPLICIT_RETAIN_SELF = YES;
				CLANG_WARN_OBJC_LITERAL_CONVERSION = YES;
				CLANG_WARN_OBJC_ROOT_CLASS = YES_ERROR;
				CLANG_WARN_QUOTED_INCLUDE_IN_FRAMEWORK_HEADER = YES;
				CLANG_WARN_RANGE_LOOP_ANALYSIS = YES;
				CLANG_WARN_STRICT_PROTOTYPES = YES;
				CLANG_WARN_SUSPICIOUS_MOVE = YES;
				CLANG_WARN_UNGUARDED_AVAILABILITY = YES_AGGRESSIVE;
				CLANG_WARN_UNREACHABLE_CODE = YES;
				CLANG_WARN__DUPLICATE_METHOD_MATCH = YES;
				COPY_PHASE_STRIP = NO;
				DEBUG_INFORMATION_FORMAT = dwarf;
				ENABLE_STRICT_OBJC_MSGSEND = YES;
				ENABLE_TESTABILITY = YES;
				GCC_C_LANGUAGE_STANDARD = gnu11;
				GCC_DYNAMIC_NO_PIC = NO;
				GCC_NO_COMMON_BLOCKS = YES;
				GCC_OPTIMIZATION_LEVEL = 0;
				GCC_PREPROCESSOR_DEFINITIONS = (
					"DEBUG=1",
					"$(inherited)",
				);
				GCC_WARN_64_TO_32_BIT_CONVERSION = YES;
				GCC_WARN_ABOUT_RETURN_TYPE = YES_ERROR;
				GCC_WARN_UNDECLARED_SELECTOR = YES;
				GCC_WARN_UNINITIALIZED_AUTOS = YES_AGGRESSIVE;
				GCC_WARN_UNUSED_FUNCTION = YES;
				GCC_WARN_UNUSED_VARIABLE = YES;
				IPHONEOS_DEPLOYMENT_TARGET = 16.2;
				MTL_ENABLE_DEBUG_INFO = INCLUDE_SOURCE;
				MTL_FAST_MATH = YES;
				ONLY_ACTIVE_ARCH = YES;
				SDKROOT = iphoneos;
				SWIFT_ACTIVE_COMPILATION_CONDITIONS = DEBUG;
				SWIFT_OPTIMIZATION_LEVEL = "-Onone";
			};
			name = Debug;
		};
		329F17462DD32DF600E2AA63 /* Release */ = {
			isa = XCBuildConfiguration;
			buildSettings = {
				ALWAYS_SEARCH_USER_PATHS = NO;
				CLANG_ANALYZER_NONNULL = YES;
				CLANG_ANALYZER_NUMBER_OBJECT_CONVERSION = YES_AGGRESSIVE;
				CLANG_CXX_LANGUAGE_STANDARD = "gnu++20";
				CLANG_ENABLE_MODULES = YES;
				CLANG_ENABLE_OBJC_ARC = YES;
				CLANG_ENABLE_OBJC_WEAK = YES;
				CLANG_WARN_BLOCK_CAPTURE_AUTORELEASING = YES;
				CLANG_WARN_BOOL_CONVERSION = YES;
				CLANG_WARN_COMMA = YES;
				CLANG_WARN_CONSTANT_CONVERSION = YES;
				CLANG_WARN_DEPRECATED_OBJC_IMPLEMENTATIONS = YES;
				CLANG_WARN_DIRECT_OBJC_ISA_USAGE = YES_ERROR;
				CLANG_WARN_DOCUMENTATION_COMMENTS = YES;
				CLANG_WARN_EMPTY_BODY = YES;
				CLANG_WARN_ENUM_CONVERSION = YES;
				CLANG_WARN_INFINITE_RECURSION = YES;
				CLANG_WARN_INT_CONVERSION = YES;
				CLANG_WARN_NON_LITERAL_NULL_CONVERSION = YES;
				CLANG_WARN_OBJC_IMPLICIT_RETAIN_SELF = YES;
				CLANG_WARN_OBJC_LITERAL_CONVERSION = YES;
				CLANG_WARN_OBJC_ROOT_CLASS = YES_ERROR;
				CLANG_WARN_QUOTED_INCLUDE_IN_FRAMEWORK_HEADER = YES;
				CLANG_WARN_RANGE_LOOP_ANALYSIS = YES;
				CLANG_WARN_STRICT_PROTOTYPES = YES;
				CLANG_WARN_SUSPICIOUS_MOVE = YES;
				CLANG_WARN_UNGUARDED_AVAILABILITY = YES_AGGRESSIVE;
				CLANG_WARN_UNREACHABLE_CODE = YES;
				CLANG_WARN__DUPLICATE_METHOD_MATCH = YES;
				COPY_PHASE_STRIP = NO;
				DEBUG_INFORMATION_FORMAT = "dwarf-with-dsym";
				ENABLE_NS_ASSERTIONS = NO;
				ENABLE_STRICT_OBJC_MSGSEND = YES;
				GCC_C_LANGUAGE_STANDARD = gnu11;
				GCC_NO_COMMON_BLOCKS = YES;
				GCC_WARN_64_TO_32_BIT_CONVERSION = YES;
				GCC_WARN_ABOUT_RETURN_TYPE = YES_ERROR;
				GCC_WARN_UNDECLARED_SELECTOR = YES;
				GCC_WARN_UNINITIALIZED_AUTOS = YES_AGGRESSIVE;
				GCC_WARN_UNUSED_FUNCTION = YES;
				GCC_WARN_UNUSED_VARIABLE = YES;
				IPHONEOS_DEPLOYMENT_TARGET = 16.2;
				MTL_ENABLE_DEBUG_INFO = NO;
				MTL_FAST_MATH = YES;
				SDKROOT = iphoneos;
				SWIFT_COMPILATION_MODE = wholemodule;
				SWIFT_OPTIMIZATION_LEVEL = "-O";
				VALIDATE_PRODUCT = YES;
			};
			name = Release;
		};
		329F17482DD32DF600E2AA63 /* Debug */ = {
			isa = XCBuildConfiguration;
			buildSettings = {
				ASSETCATALOG_COMPILER_APPICON_NAME = AppIcon;
				ASSETCATALOG_COMPILER_GLOBAL_ACCENT_COLOR_NAME = AccentColor;
				CODE_SIGN_STYLE = Automatic;
				CURRENT_PROJECT_VERSION = 1;
				GENERATE_INFOPLIST_FILE = YES;
				INFOPLIST_FILE = newyahyaP/Info.plist;
				INFOPLIST_KEY_UIApplicationSupportsIndirectInputEvents = YES;
				INFOPLIST_KEY_UILaunchStoryboardName = LaunchScreen;
				INFOPLIST_KEY_UIMainStoryboardFile = Main;
				INFOPLIST_KEY_UISupportedInterfaceOrientations_iPad = "UIInterfaceOrientationPortrait UIInterfaceOrientationPortraitUpsideDown UIInterfaceOrientationLandscapeLeft UIInterfaceOrientationLandscapeRight";
				INFOPLIST_KEY_UISupportedInterfaceOrientations_iPhone = "UIInterfaceOrientationPortrait UIInterfaceOrientationLandscapeLeft UIInterfaceOrientationLandscapeRight";
				LD_RUNPATH_SEARCH_PATHS = (
					"$(inherited)",
					"@executable_path/Frameworks",
				);
				MARKETING_VERSION = 1.0;
				PRODUCT_BUNDLE_IDENTIFIER = com.anilkarabulut.newyahyaP;
				PRODUCT_NAME = "$(TARGET_NAME)";
				SWIFT_EMIT_LOC_STRINGS = YES;
				SWIFT_VERSION = 5.0;
				TARGETED_DEVICE_FAMILY = "1,2";
			};
			name = Debug;
		};
		329F17492DD32DF600E2AA63 /* Release */ = {
			isa = XCBuildConfiguration;
			buildSettings = {
				ASSETCATALOG_COMPILER_APPICON_NAME = AppIcon;
				ASSETCATALOG_COMPILER_GLOBAL_ACCENT_COLOR_NAME = AccentColor;
				CODE_SIGN_STYLE = Automatic;
				CURRENT_PROJECT_VERSION = 1;
				GENERATE_INFOPLIST_FILE = YES;
				INFOPLIST_FILE = newyahyaP/Info.plist;
				INFOPLIST_KEY_UIApplicationSupportsIndirectInputEvents = YES;
				INFOPLIST_KEY_UILaunchStoryboardName = LaunchScreen;
				INFOPLIST_KEY_UIMainStoryboardFile = Main;
				INFOPLIST_KEY_UISupportedInterfaceOrientations_iPad = "UIInterfaceOrientationPortrait UIInterfaceOrientationPortraitUpsideDown UIInterfaceOrientationLandscapeLeft UIInterfaceOrientationLandscapeRight";
				INFOPLIST_KEY_UISupportedInterfaceOrientations_iPhone = "UIInterfaceOrientationPortrait UIInterfaceOrientationLandscapeLeft UIInterfaceOrientationLandscapeRight";
				LD_RUNPATH_SEARCH_PATHS = (
					"$(inherited)",
					"@executable_path/Frameworks",
				);
				MARKETING_VERSION = 1.0;
				PRODUCT_BUNDLE_IDENTIFIER = com.anilkarabulut.newyahyaP;
				PRODUCT_NAME = "$(TARGET_NAME)";
				SWIFT_EMIT_LOC_STRINGS = YES;
				SWIFT_VERSION = 5.0;
				TARGETED_DEVICE_FAMILY = "1,2";
			};
			name = Release;
		};
/* End XCBuildConfiguration section */

/* Begin XCConfigurationList section */
		329F172B2DD32DF400E2AA63 /* Build configuration list for PBXProject "newyahyaP" */ = {
			isa = XCConfigurationList;
			buildConfigurations = (
				329F17452DD32DF600E2AA63 /* Debug */,
				329F17462DD32DF600E2AA63 /* Release */,
			);
			defaultConfigurationIsVisible = 0;
			defaultConfigurationName = Release;
		};
		329F17472DD32DF600E2AA63 /* Build configuration list for PBXNativeTarget "newyahyaP" */ = {
			isa = XCConfigurationList;
			buildConfigurations = (
				329F17482DD32DF600E2AA63 /* Debug */,
				329F17492DD32DF600E2AA63 /* Release */,
			);
			defaultConfigurationIsVisible = 0;
			defaultConfigurationName = Release;
		};
/* End XCConfigurationList section */

/* Begin XCVersionGroup section */
		329F173C2DD32DF400E2AA63 /* newyahyaP.xcdatamodeld */ = {
			isa = XCVersionGroup;
			children = (
				329F173D2DD32DF400E2AA63 /* newyahyaP.xcdatamodel */,
			);
			currentVersion = 329F173D2DD32DF400E2AA63 /* newyahyaP.xcdatamodel */;
			path = newyahyaP.xcdatamodeld;
			sourceTree = "<group>";
			versionGroupType = wrapper.xcdatamodel;
		};
/* End XCVersionGroup section */
	};
	rootObject = 329F17282DD32DF400E2AA63 /* Project object */;
}
